
Microsoft Visual Studio Solution File, Format Version 12.00
# Visual Studio Version 16
VisualStudioVersion = 16.0.32602.291
MinimumVisualStudioVersion = 10.0.40219.1
Project("{FAE04EC0-301F-11D3-BF4B-00C04F79EFBC}") = "ModbusToMQTT", "ModbusToMQTT.csproj", "{BA9339A4-EE5F-41AC-BF8E-FCA3DF55496F}"
EndProject
Global
	GlobalSection(SolutionConfigurationPlatforms) = preSolution
		Debug|Any CPU = Debug|Any CPU
		Release|Any CPU = Release|Any CPU
	EndGlobalSection
	GlobalSection(ProjectConfigurationPlatforms) = postSolution
		{BA9339A4-EE5F-41AC-BF8E-FCA3DF55496F}.Debug|Any CPU.ActiveCfg = Debug|Any CPU
		{BA9339A4-EE5F-41AC-BF8E-FCA3DF55496F}.Debug|Any CPU.Build.0 = Debug|Any CPU
		{BA9339A4-EE5F-41AC-BF8E-FCA3DF55496F}.Release|Any CPU.ActiveCfg = Release|Any CPU
		{BA9339A4-EE5F-41AC-BF8E-FCA3DF55496F}.Release|Any CPU.Build.0 = Release|Any CPU
	EndGlobalSection
	GlobalSection(SolutionProperties) = preSolution
		HideSolutionNode = FALSE
	EndGlobalSection
	GlobalSection(ExtensibilityGlobals) = postSolution
		SolutionGuid = {9E305E8D-4AAA-47CE-871C-8B1FD7B8100E}
	EndGlobalSection
EndGlobal
